// !$*UTF8*$!
{
	archiveVersion = 1;
	classes = {
	};
	objectVersion = 50;
	objects = {

/* Begin PBXBuildFile section */
		DD881EE923BE2ABF00B586BD /* AppDelegate.swift in Sources */ = {isa = PBXBuildFile; fileRef = DD881EE823BE2ABF00B586BD /* AppDelegate.swift */; };
		DD881EEB23BE2ABF00B586BD /* SceneDelegate.swift in Sources */ = {isa = PBXBuildFile; fileRef = DD881EEA23BE2ABF00B586BD /* SceneDelegate.swift */; };
		DD881EED23BE2ABF00B586BD /* ViewController.swift in Sources */ = {isa = PBXBuildFile; fileRef = DD881EEC23BE2ABF00B586BD /* ViewController.swift */; };
		DD881EF023BE2ABF00B586BD /* Main.storyboard in Resources */ = {isa = PBXBuildFile; fileRef = DD881EEE23BE2ABF00B586BD /* Main.storyboard */; };
		DD881EF223BE2AC100B586BD /* Assets.xcassets in Resources */ = {isa = PBXBuildFile; fileRef = DD881EF123BE2AC100B586BD /* Assets.xcassets */; };
		DD881EF523BE2AC100B586BD /* LaunchScreen.storyboard in Resources */ = {isa = PBXBuildFile; fileRef = DD881EF323BE2AC100B586BD /* LaunchScreen.storyboard */; };
		DD881EFE23BE320C00B586BD /* Oganization.swift in Sources */ = {isa = PBXBuildFile; fileRef = DD881EFD23BE320C00B586BD /* Oganization.swift */; };
		DD881F0023BE352400B586BD /* Repository.swift in Sources */ = {isa = PBXBuildFile; fileRef = DD881EFF23BE352400B586BD /* Repository.swift */; };
		DD881F0223BE384E00B586BD /* SearchResponse.swift in Sources */ = {isa = PBXBuildFile; fileRef = DD881F0123BE384E00B586BD /* SearchResponse.swift */; };
		DD881F0523BE3B8D00B586BD /* GithubCliantError.swift in Sources */ = {isa = PBXBuildFile; fileRef = DD881F0423BE3B8D00B586BD /* GithubCliantError.swift */; };
		DD881F0723BE3CEB00B586BD /* GithubApiError.swift in Sources */ = {isa = PBXBuildFile; fileRef = DD881F0623BE3CEB00B586BD /* GithubApiError.swift */; };
		DD881F0A23BF289700B586BD /* GithubRequset.swift in Sources */ = {isa = PBXBuildFile; fileRef = DD881F0923BF289700B586BD /* GithubRequset.swift */; };
		DD881F0C23BF2B0400B586BD /* HTTPMerhod.swift in Sources */ = {isa = PBXBuildFile; fileRef = DD881F0B23BF2B0400B586BD /* HTTPMerhod.swift */; };
		DD881F0E23C07D4600B586BD /* GithubAPI.swift in Sources */ = {isa = PBXBuildFile; fileRef = DD881F0D23C07D4600B586BD /* GithubAPI.swift */; };
		DD881F1023C094C000B586BD /* GithubCliant.swift in Sources */ = {isa = PBXBuildFile; fileRef = DD881F0F23C094C000B586BD /* GithubCliant.swift */; };
		DD881F1223C097D900B586BD /* Result.swift in Sources */ = {isa = PBXBuildFile; fileRef = DD881F1123C097D900B586BD /* Result.swift */; };
		DD881F1423C10A5000B586BD /* main.swift in Sources */ = {isa = PBXBuildFile; fileRef = DD881F1323C10A5000B586BD /* main.swift */; };
/* End PBXBuildFile section */

/* Begin PBXFileReference section */
		DD881EE523BE2ABF00B586BD /* GithubApiApp.app */ = {isa = PBXFileReference; explicitFileType = wrapper.application; includeInIndex = 0; path = GithubApiApp.app; sourceTree = BUILT_PRODUCTS_DIR; };
		DD881EE823BE2ABF00B586BD /* AppDelegate.swift */ = {isa = PBXFileReference; lastKnownFileType = sourcecode.swift; path = AppDelegate.swift; sourceTree = "<group>"; };
		DD881EEA23BE2ABF00B586BD /* SceneDelegate.swift */ = {isa = PBXFileReference; lastKnownFileType = sourcecode.swift; path = SceneDelegate.swift; sourceTree = "<group>"; };
		DD881EEC23BE2ABF00B586BD /* ViewController.swift */ = {isa = PBXFileReference; lastKnownFileType = sourcecode.swift; path = ViewController.swift; sourceTree = "<group>"; };
		DD881EEF23BE2ABF00B586BD /* Base */ = {isa = PBXFileReference; lastKnownFileType = file.storyboard; name = Base; path = Base.lproj/Main.storyboard; sourceTree = "<group>"; };
		DD881EF123BE2AC100B586BD /* Assets.xcassets */ = {isa = PBXFileReference; lastKnownFileType = folder.assetcatalog; path = Assets.xcassets; sourceTree = "<group>"; };
		DD881EF423BE2AC100B586BD /* Base */ = {isa = PBXFileReference; lastKnownFileType = file.storyboard; name = Base; path = Base.lproj/LaunchScreen.storyboard; sourceTree = "<group>"; };
		DD881EF623BE2AC100B586BD /* Info.plist */ = {isa = PBXFileReference; lastKnownFileType = text.plist.xml; path = Info.plist; sourceTree = "<group>"; };
		DD881EFD23BE320C00B586BD /* Oganization.swift */ = {isa = PBXFileReference; lastKnownFileType = sourcecode.swift; path = Oganization.swift; sourceTree = "<group>"; };
		DD881EFF23BE352400B586BD /* Repository.swift */ = {isa = PBXFileReference; lastKnownFileType = sourcecode.swift; path = Repository.swift; sourceTree = "<group>"; };
		DD881F0123BE384E00B586BD /* SearchResponse.swift */ = {isa = PBXFileReference; lastKnownFileType = sourcecode.swift; path = SearchResponse.swift; sourceTree = "<group>"; };
		DD881F0423BE3B8D00B586BD /* GithubCliantError.swift */ = {isa = PBXFileReference; lastKnownFileType = sourcecode.swift; path = GithubCliantError.swift; sourceTree = "<group>"; };
		DD881F0623BE3CEB00B586BD /* GithubApiError.swift */ = {isa = PBXFileReference; lastKnownFileType = sourcecode.swift; path = GithubApiError.swift; sourceTree = "<group>"; };
		DD881F0923BF289700B586BD /* GithubRequset.swift */ = {isa = PBXFileReference; lastKnownFileType = sourcecode.swift; path = GithubRequset.swift; sourceTree = "<group>"; };
		DD881F0B23BF2B0400B586BD /* HTTPMerhod.swift */ = {isa = PBXFileReference; lastKnownFileType = sourcecode.swift; path = HTTPMerhod.swift; sourceTree = "<group>"; };
		DD881F0D23C07D4600B586BD /* GithubAPI.swift */ = {isa = PBXFileReference; lastKnownFileType = sourcecode.swift; path = GithubAPI.swift; sourceTree = "<group>"; };
		DD881F0F23C094C000B586BD /* GithubCliant.swift */ = {isa = PBXFileReference; lastKnownFileType = sourcecode.swift; path = GithubCliant.swift; sourceTree = "<group>"; };
		DD881F1123C097D900B586BD /* Result.swift */ = {isa = PBXFileReference; lastKnownFileType = sourcecode.swift; path = Result.swift; sourceTree = "<group>"; };
		DD881F1323C10A5000B586BD /* main.swift */ = {isa = PBXFileReference; lastKnownFileType = sourcecode.swift; path = main.swift; sourceTree = "<group>"; };
/* End PBXFileReference section */

/* Begin PBXFrameworksBuildPhase section */
		DD881EE223BE2ABF00B586BD /* Frameworks */ = {
			isa = PBXFrameworksBuildPhase;
			buildActionMask = 2147483647;
			files = (
			);
			runOnlyForDeploymentPostprocessing = 0;
		};
/* End PBXFrameworksBuildPhase section */

/* Begin PBXGroup section */
		DD881EDC23BE2ABF00B586BD = {
			isa = PBXGroup;
			children = (
				DD881F1323C10A5000B586BD /* main.swift */,
				DD881F0F23C094C000B586BD /* GithubCliant.swift */,
				DD881EE723BE2ABF00B586BD /* GithubApiApp */,
				DD881EE623BE2ABF00B586BD /* Products */,
			);
			sourceTree = "<group>";
		};
		DD881EE623BE2ABF00B586BD /* Products */ = {
			isa = PBXGroup;
			children = (
				DD881EE523BE2ABF00B586BD /* GithubApiApp.app */,
			);
			name = Products;
			sourceTree = "<group>";
		};
		DD881EE723BE2ABF00B586BD /* GithubApiApp */ = {
			isa = PBXGroup;
			children = (
				DD881F0823BF286800B586BD /* Request */,
				DD881F0323BE3B6000B586BD /* Error */,
				DD881EFC23BE31CB00B586BD /* Response */,
				DD881EE823BE2ABF00B586BD /* AppDelegate.swift */,
				DD881EEA23BE2ABF00B586BD /* SceneDelegate.swift */,
				DD881EEC23BE2ABF00B586BD /* ViewController.swift */,
				DD881EEE23BE2ABF00B586BD /* Main.storyboard */,
				DD881EF123BE2AC100B586BD /* Assets.xcassets */,
				DD881EF323BE2AC100B586BD /* LaunchScreen.storyboard */,
				DD881EF623BE2AC100B586BD /* Info.plist */,
				DD881F0D23C07D4600B586BD /* GithubAPI.swift */,
			);
			path = GithubApiApp;
			sourceTree = "<group>";
		};
		DD881EFC23BE31CB00B586BD /* Response */ = {
			isa = PBXGroup;
			children = (
				DD881EFD23BE320C00B586BD /* Oganization.swift */,
				DD881EFF23BE352400B586BD /* Repository.swift */,
				DD881F0123BE384E00B586BD /* SearchResponse.swift */,
			);
			path = Response;
			sourceTree = "<group>";
		};
		DD881F0323BE3B6000B586BD /* Error */ = {
			isa = PBXGroup;
			children = (
				DD881F0423BE3B8D00B586BD /* GithubCliantError.swift */,
				DD881F0623BE3CEB00B586BD /* GithubApiError.swift */,
				DD881F1123C097D900B586BD /* Result.swift */,
			);
			path = Error;
			sourceTree = "<group>";
		};
		DD881F0823BF286800B586BD /* Request */ = {
			isa = PBXGroup;
			children = (
				DD881F0923BF289700B586BD /* GithubRequset.swift */,
				DD881F0B23BF2B0400B586BD /* HTTPMerhod.swift */,
			);
			path = Request;
			sourceTree = "<group>";
		};
/* End PBXGroup section */

/* Begin PBXNativeTarget section */
		DD881EE423BE2ABF00B586BD /* GithubApiApp */ = {
			isa = PBXNativeTarget;
			buildConfigurationList = DD881EF923BE2AC100B586BD /* Build configuration list for PBXNativeTarget "GithubApiApp" */;
			buildPhases = (
				DD881EE123BE2ABF00B586BD /* Sources */,
				DD881EE223BE2ABF00B586BD /* Frameworks */,
				DD881EE323BE2ABF00B586BD /* Resources */,
			);
			buildRules = (
			);
			dependencies = (
			);
			name = GithubApiApp;
			productName = GithubApiApp;
			productReference = DD881EE523BE2ABF00B586BD /* GithubApiApp.app */;
			productType = "com.apple.product-type.application";
		};
/* End PBXNativeTarget section */

/* Begin PBXProject section */
		DD881EDD23BE2ABF00B586BD /* Project object */ = {
			isa = PBXProject;
			attributes = {
				LastSwiftUpdateCheck = 1130;
				LastUpgradeCheck = 1130;
				ORGANIZATIONNAME = "原田悠嗣";
				TargetAttributes = {
					DD881EE423BE2ABF00B586BD = {
						CreatedOnToolsVersion = 11.3;
					};
				};
			};
			buildConfigurationList = DD881EE023BE2ABF00B586BD /* Build configuration list for PBXProject "GithubApiApp" */;
			compatibilityVersion = "Xcode 9.3";
			developmentRegion = en;
			hasScannedForEncodings = 0;
			knownRegions = (
				en,
				Base,
			);
			mainGroup = DD881EDC23BE2ABF00B586BD;
			productRefGroup = DD881EE623BE2ABF00B586BD /* Products */;
			projectDirPath = "";
			projectRoot = "";
			targets = (
				DD881EE423BE2ABF00B586BD /* GithubApiApp */,
			);
		};
/* End PBXProject section */

/* Begin PBXResourcesBuildPhase section */
		DD881EE323BE2ABF00B586BD /* Resources */ = {
			isa = PBXResourcesBuildPhase;
			buildActionMask = 2147483647;
			files = (
				DD881EF523BE2AC100B586BD /* LaunchScreen.storyboard in Resources */,
				DD881EF223BE2AC100B586BD /* Assets.xcassets in Resources */,
				DD881EF023BE2ABF00B586BD /* Main.storyboard in Resources */,
			);
			runOnlyForDeploymentPostprocessing = 0;
		};
/* End PBXResourcesBuildPhase section */

/* Begin PBXSourcesBuildPhase section */
		DD881EE123BE2ABF00B586BD /* Sources */ = {
			isa = PBXSourcesBuildPhase;
			buildActionMask = 2147483647;
			files = (
				DD881EED23BE2ABF00B586BD /* ViewController.swift in Sources */,
				DD881F1223C097D900B586BD /* Result.swift in Sources */,
				DD881EE923BE2ABF00B586BD /* AppDelegate.swift in Sources */,
				DD881F0523BE3B8D00B586BD /* GithubCliantError.swift in Sources */,
				DD881F0223BE384E00B586BD /* SearchResponse.swift in Sources */,
				DD881F0C23BF2B0400B586BD /* HTTPMerhod.swift in Sources */,
				DD881F0023BE352400B586BD /* Repository.swift in Sources */,
				DD881EEB23BE2ABF00B586BD /* SceneDelegate.swift in Sources */,
				DD881F1423C10A5000B586BD /* main.swift in Sources */,
				DD881F0723BE3CEB00B586BD /* GithubApiError.swift in Sources */,
				DD881EFE23BE320C00B586BD /* Oganization.swift in Sources */,
				DD881F0E23C07D4600B586BD /* GithubAPI.swift in Sources */,
				DD881F0A23BF289700B586BD /* GithubRequset.swift in Sources */,
				DD881F1023C094C000B586BD /* GithubCliant.swift in Sources */,
			);
			runOnlyForDeploymentPostprocessing = 0;
		};
/* End PBXSourcesBuildPhase section */

/* Begin PBXVariantGroup section */
		DD881EEE23BE2ABF00B586BD /* Main.storyboard */ = {
			isa = PBXVariantGroup;
			children = (
				DD881EEF23BE2ABF00B586BD /* Base */,
			);
			name = Main.storyboard;
			sourceTree = "<group>";
		};
		DD881EF323BE2AC100B586BD /* LaunchScreen.storyboard */ = {
			isa = PBXVariantGroup;
			children = (
				DD881EF423BE2AC100B586BD /* Base */,
			);
			name = LaunchScreen.storyboard;
			sourceTree = "<group>";
		};
/* End PBXVariantGroup section */

/* Begin XCBuildConfiguration section */
		DD881EF723BE2AC100B586BD /* Debug */ = {
			isa = XCBuildConfiguration;
			buildSettings = {
				ALWAYS_SEARCH_USER_PATHS = NO;
				CLANG_ANALYZER_NONNULL = YES;
				CLANG_ANALYZER_NUMBER_OBJECT_CONVERSION = YES_AGGRESSIVE;
				CLANG_CXX_LANGUAGE_STANDARD = "gnu++14";
				CLANG_CXX_LIBRARY = "libc++";
				CLANG_ENABLE_MODULES = YES;
				CLANG_ENABLE_OBJC_ARC = YES;
				CLANG_ENABLE_OBJC_WEAK = YES;
				CLANG_WARN_BLOCK_CAPTURE_AUTORELEASING = YES;
				CLANG_WARN_BOOL_CONVERSION = YES;
				CLANG_WARN_COMMA = YES;
				CLANG_WARN_CONSTANT_CONVERSION = YES;
				CLANG_WARN_DEPRECATED_OBJC_IMPLEMENTATIONS = YES;
				CLANG_WARN_DIRECT_OBJC_ISA_USAGE = YES_ERROR;
				CLANG_WARN_DOCUMENTATION_COMMENTS = YES;
				CLANG_WARN_EMPTY_BODY = YES;
				CLANG_WARN_ENUM_CONVERSION = YES;
				CLANG_WARN_INFINITE_RECURSION = YES;
				CLANG_WARN_INT_CONVERSION = YES;
				CLANG_WARN_NON_LITERAL_NULL_CONVERSION = YES;
				CLANG_WARN_OBJC_IMPLICIT_RETAIN_SELF = YES;
				CLANG_WARN_OBJC_LITERAL_CONVERSION = YES;
				CLANG_WARN_OBJC_ROOT_CLASS = YES_ERROR;
				CLANG_WARN_RANGE_LOOP_ANALYSIS = YES;
				CLANG_WARN_STRICT_PROTOTYPES = YES;
				CLANG_WARN_SUSPICIOUS_MOVE = YES;
				CLANG_WARN_UNGUARDED_AVAILABILITY = YES_AGGRESSIVE;
				CLANG_WARN_UNREACHABLE_CODE = YES;
				CLANG_WARN__DUPLICATE_METHOD_MATCH = YES;
				COPY_PHASE_STRIP = NO;
				DEBUG_INFORMATION_FORMAT = dwarf;
				ENABLE_STRICT_OBJC_MSGSEND = YES;
				ENABLE_TESTABILITY = YES;
				GCC_C_LANGUAGE_STANDARD = gnu11;
				GCC_DYNAMIC_NO_PIC = NO;
				GCC_NO_COMMON_BLOCKS = YES;
				GCC_OPTIMIZATION_LEVEL = 0;
				GCC_PREPROCESSOR_DEFINITIONS = (
					"DEBUG=1",
					"$(inherited)",
				);
				GCC_WARN_64_TO_32_BIT_CONVERSION = YES;
				GCC_WARN_ABOUT_RETURN_TYPE = YES_ERROR;
				GCC_WARN_UNDECLARED_SELECTOR = YES;
				GCC_WARN_UNINITIALIZED_AUTOS = YES_AGGRESSIVE;
				GCC_WARN_UNUSED_FUNCTION = YES;
				GCC_WARN_UNUSED_VARIABLE = YES;
				IPHONEOS_DEPLOYMENT_TARGET = 13.2;
				MTL_ENABLE_DEBUG_INFO = INCLUDE_SOURCE;
				MTL_FAST_MATH = YES;
				ONLY_ACTIVE_ARCH = YES;
				SDKROOT = iphoneos;
				SWIFT_ACTIVE_COMPILATION_CONDITIONS = DEBUG;
				SWIFT_OPTIMIZATION_LEVEL = "-Onone";
			};
			name = Debug;
		};
		DD881EF823BE2AC100B586BD /* Release */ = {
			isa = XCBuildConfiguration;
			buildSettings = {
				ALWAYS_SEARCH_USER_PATHS = NO;
				CLANG_ANALYZER_NONNULL = YES;
				CLANG_ANALYZER_NUMBER_OBJECT_CONVERSION = YES_AGGRESSIVE;
				CLANG_CXX_LANGUAGE_STANDARD = "gnu++14";
				CLANG_CXX_LIBRARY = "libc++";
				CLANG_ENABLE_MODULES = YES;
				CLANG_ENABLE_OBJC_ARC = YES;
				CLANG_ENABLE_OBJC_WEAK = YES;
				CLANG_WARN_BLOCK_CAPTURE_AUTORELEASING = YES;
				CLANG_WARN_BOOL_CONVERSION = YES;
				CLANG_WARN_COMMA = YES;
				CLANG_WARN_CONSTANT_CONVERSION = YES;
				CLANG_WARN_DEPRECATED_OBJC_IMPLEMENTATIONS = YES;
				CLANG_WARN_DIRECT_OBJC_ISA_USAGE = YES_ERROR;
				CLANG_WARN_DOCUMENTATION_COMMENTS = YES;
				CLANG_WARN_EMPTY_BODY = YES;
				CLANG_WARN_ENUM_CONVERSION = YES;
				CLANG_WARN_INFINITE_RECURSION = YES;
				CLANG_WARN_INT_CONVERSION = YES;
				CLANG_WARN_NON_LITERAL_NULL_CONVERSION = YES;
				CLANG_WARN_OBJC_IMPLICIT_RETAIN_SELF = YES;
				CLANG_WARN_OBJC_LITERAL_CONVERSION = YES;
				CLANG_WARN_OBJC_ROOT_CLASS = YES_ERROR;
				CLANG_WARN_RANGE_LOOP_ANALYSIS = YES;
				CLANG_WARN_STRICT_PROTOTYPES = YES;
				CLANG_WARN_SUSPICIOUS_MOVE = YES;
				CLANG_WARN_UNGUARDED_AVAILABILITY = YES_AGGRESSIVE;
				CLANG_WARN_UNREACHABLE_CODE = YES;
				CLANG_WARN__DUPLICATE_METHOD_MATCH = YES;
				COPY_PHASE_STRIP = NO;
				DEBUG_INFORMATION_FORMAT = "dwarf-with-dsym";
				ENABLE_NS_ASSERTIONS = NO;
				ENABLE_STRICT_OBJC_MSGSEND = YES;
				GCC_C_LANGUAGE_STANDARD = gnu11;
				GCC_NO_COMMON_BLOCKS = YES;
				GCC_WARN_64_TO_32_BIT_CONVERSION = YES;
				GCC_WARN_ABOUT_RETURN_TYPE = YES_ERROR;
				GCC_WARN_UNDECLARED_SELECTOR = YES;
				GCC_WARN_UNINITIALIZED_AUTOS = YES_AGGRESSIVE;
				GCC_WARN_UNUSED_FUNCTION = YES;
				GCC_WARN_UNUSED_VARIABLE = YES;
				IPHONEOS_DEPLOYMENT_TARGET = 13.2;
				MTL_ENABLE_DEBUG_INFO = NO;
				MTL_FAST_MATH = YES;
				SDKROOT = iphoneos;
				SWIFT_COMPILATION_MODE = wholemodule;
				SWIFT_OPTIMIZATION_LEVEL = "-O";
				VALIDATE_PRODUCT = YES;
			};
			name = Release;
		};
		DD881EFA23BE2AC100B586BD /* Debug */ = {
			isa = XCBuildConfiguration;
			buildSettings = {
				ASSETCATALOG_COMPILER_APPICON_NAME = AppIcon;
				CODE_SIGN_STYLE = Automatic;
				DEVELOPMENT_TEAM = 7Y284RH96R;
				INFOPLIST_FILE = GithubApiApp/Info.plist;
				LD_RUNPATH_SEARCH_PATHS = (
					"$(inherited)",
					"@executable_path/Frameworks",
				);
				PRODUCT_BUNDLE_IDENTIFIER = project.GithubApiApp;
				PRODUCT_NAME = "$(TARGET_NAME)";
				SWIFT_VERSION = 5.0;
				TARGETED_DEVICE_FAMILY = "1,2";
			};
			name = Debug;
		};
		DD881EFB23BE2AC100B586BD /* Release */ = {
			isa = XCBuildConfiguration;
			buildSettings = {
				ASSETCATALOG_COMPILER_APPICON_NAME = AppIcon;
				CODE_SIGN_STYLE = Automatic;
				DEVELOPMENT_TEAM = 7Y284RH96R;
				INFOPLIST_FILE = GithubApiApp/Info.plist;
				LD_RUNPATH_SEARCH_PATHS = (
					"$(inherited)",
					"@executable_path/Frameworks",
				);
				PRODUCT_BUNDLE_IDENTIFIER = project.GithubApiApp;
				PRODUCT_NAME = "$(TARGET_NAME)";
				SWIFT_VERSION = 5.0;
				TARGETED_DEVICE_FAMILY = "1,2";
			};
			name = Release;
		};
/* End XCBuildConfiguration section */

/* Begin XCConfigurationList section */
		DD881EE023BE2ABF00B586BD /* Build configuration list for PBXProject "GithubApiApp" */ = {
			isa = XCConfigurationList;
			buildConfigurations = (
				DD881EF723BE2AC100B586BD /* Debug */,
				DD881EF823BE2AC100B586BD /* Release */,
			);
			defaultConfigurationIsVisible = 0;
			defaultConfigurationName = Release;
		};
		DD881EF923BE2AC100B586BD /* Build configuration list for PBXNativeTarget "GithubApiApp" */ = {
			isa = XCConfigurationList;
			buildConfigurations = (
				DD881EFA23BE2AC100B586BD /* Debug */,
				DD881EFB23BE2AC100B586BD /* Release */,
			);
			defaultConfigurationIsVisible = 0;
			defaultConfigurationName = Release;
		};
/* End XCConfigurationList section */
	};
	rootObject = DD881EDD23BE2ABF00B586BD /* Project object */;
}
